
Microsoft Visual Studio Solution File, Format Version 12.00
# Visual Studio Version 17
VisualStudioVersion = 17.14.36705.20
MinimumVisualStudioVersion = 10.0.40219.1
Project("{FAE04EC0-301F-11D3-BF4B-00C04F79EFBC}") = "Moodle.Domain", "Moodle.Domain\Moodle.Domain.csproj", "{2F021461-AC69-4C81-A3BE-B55076E1DCEC}"
EndProject
Global
	GlobalSection(SolutionConfigurationPlatforms) = preSolution
		Debug|Any CPU = Debug|Any CPU
		Release|Any CPU = Release|Any CPU
	EndGlobalSection
	GlobalSection(ProjectConfigurationPlatforms) = postSolution
		{2F021461-AC69-4C81-A3BE-B55076E1DCEC}.Debug|Any CPU.ActiveCfg = Debug|Any CPU
		{2F021461-AC69-4C81-A3BE-B55076E1DCEC}.Debug|Any CPU.Build.0 = Debug|Any CPU
		{2F021461-AC69-4C81-A3BE-B55076E1DCEC}.Release|Any CPU.ActiveCfg = Release|Any CPU
		{2F021461-AC69-4C81-A3BE-B55076E1DCEC}.Release|Any CPU.Build.0 = Release|Any CPU
	EndGlobalSection
	GlobalSection(SolutionProperties) = preSolution
		HideSolutionNode = FALSE
	EndGlobalSection
	GlobalSection(ExtensibilityGlobals) = postSolution
		SolutionGuid = {10E5B469-5867-472A-9EBE-83A84C66B069}
	EndGlobalSection
EndGlobal
